
Microsoft Visual Studio Solution File, Format Version 12.00
# Visual Studio Version 17
VisualStudioVersion = 17.4.33213.308
MinimumVisualStudioVersion = 10.0.40219.1
Project("{FAE04EC0-301F-11D3-BF4B-00C04F79EFBC}") = "GirilenBesSayidanBuyukKucukBulma", "GirilenOnSayidanBuyukKucukBulma\GirilenBesSayidanBuyukKucukBulma.csproj", "{390C6CB3-6E63-4EDB-A707-E86EB5DFDA31}"
EndProject
Global
	GlobalSection(SolutionConfigurationPlatforms) = preSolution
		Debug|Any CPU = Debug|Any CPU
		Release|Any CPU = Release|Any CPU
	EndGlobalSection
	GlobalSection(ProjectConfigurationPlatforms) = postSolution
		{390C6CB3-6E63-4EDB-A707-E86EB5DFDA31}.Debug|Any CPU.ActiveCfg = Debug|Any CPU
		{390C6CB3-6E63-4EDB-A707-E86EB5DFDA31}.Debug|Any CPU.Build.0 = Debug|Any CPU
		{390C6CB3-6E63-4EDB-A707-E86EB5DFDA31}.Release|Any CPU.ActiveCfg = Release|Any CPU
		{390C6CB3-6E63-4EDB-A707-E86EB5DFDA31}.Release|Any CPU.Build.0 = Release|Any CPU
	EndGlobalSection
	GlobalSection(SolutionProperties) = preSolution
		HideSolutionNode = FALSE
	EndGlobalSection
	GlobalSection(ExtensibilityGlobals) = postSolution
		SolutionGuid = {C80BB0EC-5F01-4832-AF85-521DA887D2B5}
	EndGlobalSection
EndGlobal
